// !$*UTF8*$!
{
	archiveVersion = 1;
	classes = {
	};
	objectVersion = 77;
	objects = {

/* Begin PBXBuildFile section */
		531BD0A62CBBF27D003FBF10 /* wbeblock Extension.appex in Embed Foundation Extensions */ = {isa = PBXBuildFile; fileRef = 531BD0A52CBBF27D003FBF10 /* wbeblock Extension.appex */; settings = {ATTRIBUTES = (RemoveHeadersOnCopy, ); }; };
/* End PBXBuildFile section */

/* Begin PBXContainerItemProxy section */
		531BD0902CBBF27D003FBF10 /* PBXContainerItemProxy */ = {
			isa = PBXContainerItemProxy;
			containerPortal = 531BD06A2CBBF279003FBF10 /* Project object */;
			proxyType = 1;
			remoteGlobalIDString = 531BD0712CBBF279003FBF10;
			remoteInfo = wbeblock;
		};
		531BD09A2CBBF27D003FBF10 /* PBXContainerItemProxy */ = {
			isa = PBXContainerItemProxy;
			containerPortal = 531BD06A2CBBF279003FBF10 /* Project object */;
			proxyType = 1;
			remoteGlobalIDString = 531BD0712CBBF279003FBF10;
			remoteInfo = wbeblock;
		};
		531BD0A72CBBF27D003FBF10 /* PBXContainerItemProxy */ = {
			isa = PBXContainerItemProxy;
			containerPortal = 531BD06A2CBBF279003FBF10 /* Project object */;
			proxyType = 1;
			remoteGlobalIDString = 531BD0A42CBBF27D003FBF10;
			remoteInfo = "wbeblock Extension";
		};
/* End PBXContainerItemProxy section */

/* Begin PBXCopyFilesBuildPhase section */
		531BD0C42CBBF27D003FBF10 /* Embed Foundation Extensions */ = {
			isa = PBXCopyFilesBuildPhase;
			buildActionMask = 2147483647;
			dstPath = "";
			dstSubfolderSpec = 13;
			files = (
				531BD0A62CBBF27D003FBF10 /* wbeblock Extension.appex in Embed Foundation Extensions */,
			);
			name = "Embed Foundation Extensions";
			runOnlyForDeploymentPostprocessing = 0;
		};
/* End PBXCopyFilesBuildPhase section */

/* Begin PBXFileReference section */
		531BD0722CBBF279003FBF10 /* wbeblock.app */ = {isa = PBXFileReference; explicitFileType = wrapper.application; includeInIndex = 0; path = wbeblock.app; sourceTree = BUILT_PRODUCTS_DIR; };
		531BD08F2CBBF27D003FBF10 /* wbeblockTests.xctest */ = {isa = PBXFileReference; explicitFileType = wrapper.cfbundle; includeInIndex = 0; path = wbeblockTests.xctest; sourceTree = BUILT_PRODUCTS_DIR; };
		531BD0992CBBF27D003FBF10 /* wbeblockUITests.xctest */ = {isa = PBXFileReference; explicitFileType = wrapper.cfbundle; includeInIndex = 0; path = wbeblockUITests.xctest; sourceTree = BUILT_PRODUCTS_DIR; };
		531BD0A52CBBF27D003FBF10 /* wbeblock Extension.appex */ = {isa = PBXFileReference; explicitFileType = "wrapper.app-extension"; includeInIndex = 0; path = "wbeblock Extension.appex"; sourceTree = BUILT_PRODUCTS_DIR; };
/* End PBXFileReference section */

/* Begin PBXFileSystemSynchronizedBuildFileExceptionSet section */
		531BD0BF2CBBF27D003FBF10 /* Exceptions for "wbeblock" folder in "wbeblock" target */ = {
			isa = PBXFileSystemSynchronizedBuildFileExceptionSet;
			membershipExceptions = (
				Info.plist,
			);
			target = 531BD0712CBBF279003FBF10 /* wbeblock */;
		};
		531BD0C32CBBF27D003FBF10 /* Exceptions for "wbeblock Extension" folder in "wbeblock Extension" target */ = {
			isa = PBXFileSystemSynchronizedBuildFileExceptionSet;
			membershipExceptions = (
				Info.plist,
			);
			target = 531BD0A42CBBF27D003FBF10 /* wbeblock Extension */;
		};
/* End PBXFileSystemSynchronizedBuildFileExceptionSet section */

/* Begin PBXFileSystemSynchronizedRootGroup section */
		531BD0742CBBF279003FBF10 /* wbeblock */ = {
			isa = PBXFileSystemSynchronizedRootGroup;
			exceptions = (
				531BD0BF2CBBF27D003FBF10 /* Exceptions for "wbeblock" folder in "wbeblock" target */,
			);
			path = wbeblock;
			sourceTree = "<group>";
		};
		531BD0922CBBF27D003FBF10 /* wbeblockTests */ = {
			isa = PBXFileSystemSynchronizedRootGroup;
			path = wbeblockTests;
			sourceTree = "<group>";
		};
		531BD09C2CBBF27D003FBF10 /* wbeblockUITests */ = {
			isa = PBXFileSystemSynchronizedRootGroup;
			path = wbeblockUITests;
			sourceTree = "<group>";
		};
		531BD0A92CBBF27D003FBF10 /* wbeblock Extension */ = {
			isa = PBXFileSystemSynchronizedRootGroup;
			exceptions = (
				531BD0C32CBBF27D003FBF10 /* Exceptions for "wbeblock Extension" folder in "wbeblock Extension" target */,
			);
			explicitFolders = (
				Resources/_locales,
				Resources/images,
			);
			path = "wbeblock Extension";
			sourceTree = "<group>";
		};
/* End PBXFileSystemSynchronizedRootGroup section */

/* Begin PBXFrameworksBuildPhase section */
		531BD06F2CBBF279003FBF10 /* Frameworks */ = {
			isa = PBXFrameworksBuildPhase;
			buildActionMask = 2147483647;
			files = (
			);
			runOnlyForDeploymentPostprocessing = 0;
		};
		531BD08C2CBBF27D003FBF10 /* Frameworks */ = {
			isa = PBXFrameworksBuildPhase;
			buildActionMask = 2147483647;
			files = (
			);
			runOnlyForDeploymentPostprocessing = 0;
		};
		531BD0962CBBF27D003FBF10 /* Frameworks */ = {
			isa = PBXFrameworksBuildPhase;
			buildActionMask = 2147483647;
			files = (
			);
			runOnlyForDeploymentPostprocessing = 0;
		};
		531BD0A22CBBF27D003FBF10 /* Frameworks */ = {
			isa = PBXFrameworksBuildPhase;
			buildActionMask = 2147483647;
			files = (
			);
			runOnlyForDeploymentPostprocessing = 0;
		};
/* End PBXFrameworksBuildPhase section */

/* Begin PBXGroup section */
		531BD0692CBBF279003FBF10 = {
			isa = PBXGroup;
			children = (
				531BD0742CBBF279003FBF10 /* wbeblock */,
				531BD0922CBBF27D003FBF10 /* wbeblockTests */,
				531BD09C2CBBF27D003FBF10 /* wbeblockUITests */,
				531BD0A92CBBF27D003FBF10 /* wbeblock Extension */,
				531BD0732CBBF279003FBF10 /* Products */,
			);
			sourceTree = "<group>";
		};
		531BD0732CBBF279003FBF10 /* Products */ = {
			isa = PBXGroup;
			children = (
				531BD0722CBBF279003FBF10 /* wbeblock.app */,
				531BD08F2CBBF27D003FBF10 /* wbeblockTests.xctest */,
				531BD0992CBBF27D003FBF10 /* wbeblockUITests.xctest */,
				531BD0A52CBBF27D003FBF10 /* wbeblock Extension.appex */,
			);
			name = Products;
			sourceTree = "<group>";
		};
/* End PBXGroup section */

/* Begin PBXNativeTarget section */
		531BD0712CBBF279003FBF10 /* wbeblock */ = {
			isa = PBXNativeTarget;
			buildConfigurationList = 531BD0C52CBBF27D003FBF10 /* Build configuration list for PBXNativeTarget "wbeblock" */;
			buildPhases = (
				531BD06E2CBBF279003FBF10 /* Sources */,
				531BD06F2CBBF279003FBF10 /* Frameworks */,
				531BD0702CBBF279003FBF10 /* Resources */,
				531BD0C42CBBF27D003FBF10 /* Embed Foundation Extensions */,
			);
			buildRules = (
			);
			dependencies = (
				531BD0A82CBBF27D003FBF10 /* PBXTargetDependency */,
			);
			fileSystemSynchronizedGroups = (
				531BD0742CBBF279003FBF10 /* wbeblock */,
			);
			name = wbeblock;
			packageProductDependencies = (
			);
			productName = wbeblock;
			productReference = 531BD0722CBBF279003FBF10 /* wbeblock.app */;
			productType = "com.apple.product-type.application";
		};
		531BD08E2CBBF27D003FBF10 /* wbeblockTests */ = {
			isa = PBXNativeTarget;
			buildConfigurationList = 531BD0CA2CBBF27D003FBF10 /* Build configuration list for PBXNativeTarget "wbeblockTests" */;
			buildPhases = (
				531BD08B2CBBF27D003FBF10 /* Sources */,
				531BD08C2CBBF27D003FBF10 /* Frameworks */,
				531BD08D2CBBF27D003FBF10 /* Resources */,
			);
			buildRules = (
			);
			dependencies = (
				531BD0912CBBF27D003FBF10 /* PBXTargetDependency */,
			);
			fileSystemSynchronizedGroups = (
				531BD0922CBBF27D003FBF10 /* wbeblockTests */,
			);
			name = wbeblockTests;
			packageProductDependencies = (
			);
			productName = wbeblockTests;
			productReference = 531BD08F2CBBF27D003FBF10 /* wbeblockTests.xctest */;
			productType = "com.apple.product-type.bundle.unit-test";
		};
		531BD0982CBBF27D003FBF10 /* wbeblockUITests */ = {
			isa = PBXNativeTarget;
			buildConfigurationList = 531BD0CD2CBBF27D003FBF10 /* Build configuration list for PBXNativeTarget "wbeblockUITests" */;
			buildPhases = (
				531BD0952CBBF27D003FBF10 /* Sources */,
				531BD0962CBBF27D003FBF10 /* Frameworks */,
				531BD0972CBBF27D003FBF10 /* Resources */,
			);
			buildRules = (
			);
			dependencies = (
				531BD09B2CBBF27D003FBF10 /* PBXTargetDependency */,
			);
			fileSystemSynchronizedGroups = (
				531BD09C2CBBF27D003FBF10 /* wbeblockUITests */,
			);
			name = wbeblockUITests;
			packageProductDependencies = (
			);
			productName = wbeblockUITests;
			productReference = 531BD0992CBBF27D003FBF10 /* wbeblockUITests.xctest */;
			productType = "com.apple.product-type.bundle.ui-testing";
		};
		531BD0A42CBBF27D003FBF10 /* wbeblock Extension */ = {
			isa = PBXNativeTarget;
			buildConfigurationList = 531BD0C02CBBF27D003FBF10 /* Build configuration list for PBXNativeTarget "wbeblock Extension" */;
			buildPhases = (
				531BD0A12CBBF27D003FBF10 /* Sources */,
				531BD0A22CBBF27D003FBF10 /* Frameworks */,
				531BD0A32CBBF27D003FBF10 /* Resources */,
			);
			buildRules = (
			);
			dependencies = (
			);
			fileSystemSynchronizedGroups = (
				531BD0A92CBBF27D003FBF10 /* wbeblock Extension */,
			);
			name = "wbeblock Extension";
			packageProductDependencies = (
			);
			productName = "wbeblock Extension";
			productReference = 531BD0A52CBBF27D003FBF10 /* wbeblock Extension.appex */;
			productType = "com.apple.product-type.app-extension";
		};
/* End PBXNativeTarget section */

/* Begin PBXProject section */
		531BD06A2CBBF279003FBF10 /* Project object */ = {
			isa = PBXProject;
			attributes = {
				BuildIndependentTargetsInParallel = 1;
				LastSwiftUpdateCheck = 1600;
				LastUpgradeCheck = 1600;
				TargetAttributes = {
					531BD0712CBBF279003FBF10 = {
						CreatedOnToolsVersion = 16.0;
					};
					531BD08E2CBBF27D003FBF10 = {
						CreatedOnToolsVersion = 16.0;
						TestTargetID = 531BD0712CBBF279003FBF10;
					};
					531BD0982CBBF27D003FBF10 = {
						CreatedOnToolsVersion = 16.0;
						TestTargetID = 531BD0712CBBF279003FBF10;
					};
					531BD0A42CBBF27D003FBF10 = {
						CreatedOnToolsVersion = 16.0;
					};
				};
			};
			buildConfigurationList = 531BD06D2CBBF279003FBF10 /* Build configuration list for PBXProject "wbeblock" */;
			developmentRegion = en;
			hasScannedForEncodings = 0;
			knownRegions = (
				en,
				Base,
			);
			mainGroup = 531BD0692CBBF279003FBF10;
			minimizedProjectReferenceProxies = 1;
			preferredProjectObjectVersion = 77;
			productRefGroup = 531BD0732CBBF279003FBF10 /* Products */;
			projectDirPath = "";
			projectRoot = "";
			targets = (
				531BD0712CBBF279003FBF10 /* wbeblock */,
				531BD08E2CBBF27D003FBF10 /* wbeblockTests */,
				531BD0982CBBF27D003FBF10 /* wbeblockUITests */,
				531BD0A42CBBF27D003FBF10 /* wbeblock Extension */,
			);
		};
/* End PBXProject section */

/* Begin PBXResourcesBuildPhase section */
		531BD0702CBBF279003FBF10 /* Resources */ = {
			isa = PBXResourcesBuildPhase;
			buildActionMask = 2147483647;
			files = (
			);
			runOnlyForDeploymentPostprocessing = 0;
		};
		531BD08D2CBBF27D003FBF10 /* Resources */ = {
			isa = PBXResourcesBuildPhase;
			buildActionMask = 2147483647;
			files = (
			);
			runOnlyForDeploymentPostprocessing = 0;
		};
		531BD0972CBBF27D003FBF10 /* Resources */ = {
			isa = PBXResourcesBuildPhase;
			buildActionMask = 2147483647;
			files = (
			);
			runOnlyForDeploymentPostprocessing = 0;
		};
		531BD0A32CBBF27D003FBF10 /* Resources */ = {
			isa = PBXResourcesBuildPhase;
			buildActionMask = 2147483647;
			files = (
			);
			runOnlyForDeploymentPostprocessing = 0;
		};
/* End PBXResourcesBuildPhase section */

/* Begin PBXSourcesBuildPhase section */
		531BD06E2CBBF279003FBF10 /* Sources */ = {
			isa = PBXSourcesBuildPhase;
			buildActionMask = 2147483647;
			files = (
			);
			runOnlyForDeploymentPostprocessing = 0;
		};
		531BD08B2CBBF27D003FBF10 /* Sources */ = {
			isa = PBXSourcesBuildPhase;
			buildActionMask = 2147483647;
			files = (
			);
			runOnlyForDeploymentPostprocessing = 0;
		};
		531BD0952CBBF27D003FBF10 /* Sources */ = {
			isa = PBXSourcesBuildPhase;
			buildActionMask = 2147483647;
			files = (
			);
			runOnlyForDeploymentPostprocessing = 0;
		};
		531BD0A12CBBF27D003FBF10 /* Sources */ = {
			isa = PBXSourcesBuildPhase;
			buildActionMask = 2147483647;
			files = (
			);
			runOnlyForDeploymentPostprocessing = 0;
		};
/* End PBXSourcesBuildPhase section */

/* Begin PBXTargetDependency section */
		531BD0912CBBF27D003FBF10 /* PBXTargetDependency */ = {
			isa = PBXTargetDependency;
			target = 531BD0712CBBF279003FBF10 /* wbeblock */;
			targetProxy = 531BD0902CBBF27D003FBF10 /* PBXContainerItemProxy */;
		};
		531BD09B2CBBF27D003FBF10 /* PBXTargetDependency */ = {
			isa = PBXTargetDependency;
			target = 531BD0712CBBF279003FBF10 /* wbeblock */;
			targetProxy = 531BD09A2CBBF27D003FBF10 /* PBXContainerItemProxy */;
		};
		531BD0A82CBBF27D003FBF10 /* PBXTargetDependency */ = {
			isa = PBXTargetDependency;
			target = 531BD0A42CBBF27D003FBF10 /* wbeblock Extension */;
			targetProxy = 531BD0A72CBBF27D003FBF10 /* PBXContainerItemProxy */;
		};
/* End PBXTargetDependency section */

/* Begin XCBuildConfiguration section */
		531BD0C12CBBF27D003FBF10 /* Debug */ = {
			isa = XCBuildConfiguration;
			buildSettings = {
				CODE_SIGN_STYLE = Automatic;
				CURRENT_PROJECT_VERSION = 1;
				DEVELOPMENT_TEAM = QJ59ZDVPCZ;
				GENERATE_INFOPLIST_FILE = YES;
				INFOPLIST_FILE = "wbeblock Extension/Info.plist";
				INFOPLIST_KEY_CFBundleDisplayName = "wbeblock Extension";
				INFOPLIST_KEY_NSHumanReadableCopyright = "";
				IPHONEOS_DEPLOYMENT_TARGET = 15.0;
				LD_RUNPATH_SEARCH_PATHS = (
					"$(inherited)",
					"@executable_path/Frameworks",
					"@executable_path/../../Frameworks",
				);
				MARKETING_VERSION = 1.0;
				OTHER_LDFLAGS = (
					"-framework",
					SafariServices,
				);
				PRODUCT_BUNDLE_IDENTIFIER = com.sachingovind..wbeblock.Extension;
				PRODUCT_NAME = "$(TARGET_NAME)";
				SKIP_INSTALL = YES;
				SWIFT_EMIT_LOC_STRINGS = YES;
				SWIFT_VERSION = 5.0;
				TARGETED_DEVICE_FAMILY = "1,2";
			};
			name = Debug;
		};
		531BD0C22CBBF27D003FBF10 /* Release */ = {
			isa = XCBuildConfiguration;
			buildSettings = {
				CODE_SIGN_STYLE = Automatic;
				CURRENT_PROJECT_VERSION = 1;
				DEVELOPMENT_TEAM = QJ59ZDVPCZ;
				GENERATE_INFOPLIST_FILE = YES;
				INFOPLIST_FILE = "wbeblock Extension/Info.plist";
				INFOPLIST_KEY_CFBundleDisplayName = "wbeblock Extension";
				INFOPLIST_KEY_NSHumanReadableCopyright = "";
				IPHONEOS_DEPLOYMENT_TARGET = 15.0;
				LD_RUNPATH_SEARCH_PATHS = (
					"$(inherited)",
					"@executable_path/Frameworks",
					"@executable_path/../../Frameworks",
				);
				MARKETING_VERSION = 1.0;
				OTHER_LDFLAGS = (
					"-framework",
					SafariServices,
				);
				PRODUCT_BUNDLE_IDENTIFIER = com.sachingovind..wbeblock.Extension;
				PRODUCT_NAME = "$(TARGET_NAME)";
				SKIP_INSTALL = YES;
				SWIFT_EMIT_LOC_STRINGS = YES;
				SWIFT_VERSION = 5.0;
				TARGETED_DEVICE_FAMILY = "1,2";
			};
			name = Release;
		};
		531BD0C62CBBF27D003FBF10 /* Debug */ = {
			isa = XCBuildConfiguration;
			buildSettings = {
				ASSETCATALOG_COMPILER_APPICON_NAME = AppIcon;
				ASSETCATALOG_COMPILER_GLOBAL_ACCENT_COLOR_NAME = AccentColor;
				CODE_SIGN_STYLE = Automatic;
				CURRENT_PROJECT_VERSION = 1;
				DEVELOPMENT_TEAM = QJ59ZDVPCZ;
				GENERATE_INFOPLIST_FILE = YES;
				INFOPLIST_FILE = wbeblock/Info.plist;
				INFOPLIST_KEY_CFBundleDisplayName = wbeblock;
				INFOPLIST_KEY_UIApplicationSupportsIndirectInputEvents = YES;
				INFOPLIST_KEY_UILaunchStoryboardName = LaunchScreen;
				INFOPLIST_KEY_UIMainStoryboardFile = Main;
				INFOPLIST_KEY_UISupportedInterfaceOrientations_iPad = "UIInterfaceOrientationPortrait UIInterfaceOrientationPortraitUpsideDown UIInterfaceOrientationLandscapeLeft UIInterfaceOrientationLandscapeRight";
				INFOPLIST_KEY_UISupportedInterfaceOrientations_iPhone = "UIInterfaceOrientationPortrait UIInterfaceOrientationLandscapeLeft UIInterfaceOrientationLandscapeRight";
				IPHONEOS_DEPLOYMENT_TARGET = 15.0;
				LD_RUNPATH_SEARCH_PATHS = (
					"$(inherited)",
					"@executable_path/Frameworks",
				);
				MARKETING_VERSION = 1.0;
				OTHER_LDFLAGS = (
					"-framework",
					SafariServices,
					"-framework",
					WebKit,
				);
				PRODUCT_BUNDLE_IDENTIFIER = com.sachingovind..wbeblock;
				PRODUCT_NAME = "$(TARGET_NAME)";
				SUPPORTED_PLATFORMS = "iphoneos iphonesimulator";
				SUPPORTS_MACCATALYST = NO;
				SUPPORTS_MAC_DESIGNED_FOR_IPHONE_IPAD = NO;
				SUPPORTS_XR_DESIGNED_FOR_IPHONE_IPAD = NO;
				SWIFT_EMIT_LOC_STRINGS = YES;
				SWIFT_VERSION = 5.0;
				TARGETED_DEVICE_FAMILY = 1;
			};
			name = Debug;
		};
		531BD0C72CBBF27D003FBF10 /* Release */ = {
			isa = XCBuildConfiguration;
			buildSettings = {
				ASSETCATALOG_COMPILER_APPICON_NAME = AppIcon;
				ASSETCATALOG_COMPILER_GLOBAL_ACCENT_COLOR_NAME = AccentColor;
				CODE_SIGN_STYLE = Automatic;
				CURRENT_PROJECT_VERSION = 1;
				DEVELOPMENT_TEAM = QJ59ZDVPCZ;
				GENERATE_INFOPLIST_FILE = YES;
				INFOPLIST_FILE = wbeblock/Info.plist;
				INFOPLIST_KEY_CFBundleDisplayName = wbeblock;
				INFOPLIST_KEY_UIApplicationSupportsIndirectInputEvents = YES;
				INFOPLIST_KEY_UILaunchStoryboardName = LaunchScreen;
				INFOPLIST_KEY_UIMainStoryboardFile = Main;
				INFOPLIST_KEY_UISupportedInterfaceOrientations_iPad = "UIInterfaceOrientationPortrait UIInterfaceOrientationPortraitUpsideDown UIInterfaceOrientationLandscapeLeft UIInterfaceOrientationLandscapeRight";
				INFOPLIST_KEY_UISupportedInterfaceOrientations_iPhone = "UIInterfaceOrientationPortrait UIInterfaceOrientationLandscapeLeft UIInterfaceOrientationLandscapeRight";
				IPHONEOS_DEPLOYMENT_TARGET = 15.0;
				LD_RUNPATH_SEARCH_PATHS = (
					"$(inherited)",
					"@executable_path/Frameworks",
				);
				MARKETING_VERSION = 1.0;
				OTHER_LDFLAGS = (
					"-framework",
					SafariServices,
					"-framework",
					WebKit,
				);
				PRODUCT_BUNDLE_IDENTIFIER = com.sachingovind..wbeblock;
				PRODUCT_NAME = "$(TARGET_NAME)";
				SUPPORTED_PLATFORMS = "iphoneos iphonesimulator";
				SUPPORTS_MACCATALYST = NO;
				SUPPORTS_MAC_DESIGNED_FOR_IPHONE_IPAD = NO;
				SUPPORTS_XR_DESIGNED_FOR_IPHONE_IPAD = NO;
				SWIFT_EMIT_LOC_STRINGS = YES;
				SWIFT_VERSION = 5.0;
				TARGETED_DEVICE_FAMILY = 1;
			};
			name = Release;
		};
		531BD0C82CBBF27D003FBF10 /* Debug */ = {
			isa = XCBuildConfiguration;
			buildSettings = {
				ALWAYS_SEARCH_USER_PATHS = NO;
				ASSETCATALOG_COMPILER_GENERATE_SWIFT_ASSET_SYMBOL_EXTENSIONS = YES;
				CLANG_ANALYZER_NONNULL = YES;
				CLANG_ANALYZER_NUMBER_OBJECT_CONVERSION = YES_AGGRESSIVE;
				CLANG_CXX_LANGUAGE_STANDARD = "gnu++20";
				CLANG_ENABLE_MODULES = YES;
				CLANG_ENABLE_OBJC_ARC = YES;
				CLANG_ENABLE_OBJC_WEAK = YES;
				CLANG_WARN_BLOCK_CAPTURE_AUTORELEASING = YES;
				CLANG_WARN_BOOL_CONVERSION = YES;
				CLANG_WARN_COMMA = YES;
				CLANG_WARN_CONSTANT_CONVERSION = YES;
				CLANG_WARN_DEPRECATED_OBJC_IMPLEMENTATIONS = YES;
				CLANG_WARN_DIRECT_OBJC_ISA_USAGE = YES_ERROR;
				CLANG_WARN_DOCUMENTATION_COMMENTS = YES;
				CLANG_WARN_EMPTY_BODY = YES;
				CLANG_WARN_ENUM_CONVERSION = YES;
				CLANG_WARN_INFINITE_RECURSION = YES;
				CLANG_WARN_INT_CONVERSION = YES;
				CLANG_WARN_NON_LITERAL_NULL_CONVERSION = YES;
				CLANG_WARN_OBJC_IMPLICIT_RETAIN_SELF = YES;
				CLANG_WARN_OBJC_LITERAL_CONVERSION = YES;
				CLANG_WARN_OBJC_ROOT_CLASS = YES_ERROR;
				CLANG_WARN_QUOTED_INCLUDE_IN_FRAMEWORK_HEADER = YES;
				CLANG_WARN_RANGE_LOOP_ANALYSIS = YES;
				CLANG_WARN_STRICT_PROTOTYPES = YES;
				CLANG_WARN_SUSPICIOUS_MOVE = YES;
				CLANG_WARN_UNGUARDED_AVAILABILITY = YES_AGGRESSIVE;
				CLANG_WARN_UNREACHABLE_CODE = YES;
				CLANG_WARN__DUPLICATE_METHOD_MATCH = YES;
				COPY_PHASE_STRIP = NO;
				DEBUG_INFORMATION_FORMAT = dwarf;
				ENABLE_STRICT_OBJC_MSGSEND = YES;
				ENABLE_TESTABILITY = YES;
				ENABLE_USER_SCRIPT_SANDBOXING = YES;
				GCC_C_LANGUAGE_STANDARD = gnu17;
				GCC_DYNAMIC_NO_PIC = NO;
				GCC_NO_COMMON_BLOCKS = YES;
				GCC_OPTIMIZATION_LEVEL = 0;
				GCC_PREPROCESSOR_DEFINITIONS = (
					"DEBUG=1",
					"$(inherited)",
				);
				GCC_WARN_64_TO_32_BIT_CONVERSION = YES;
				GCC_WARN_ABOUT_RETURN_TYPE = YES_ERROR;
				GCC_WARN_UNDECLARED_SELECTOR = YES;
				GCC_WARN_UNINITIALIZED_AUTOS = YES_AGGRESSIVE;
				GCC_WARN_UNUSED_FUNCTION = YES;
				GCC_WARN_UNUSED_VARIABLE = YES;
				IPHONEOS_DEPLOYMENT_TARGET = 18.0;
				LOCALIZATION_PREFERS_STRING_CATALOGS = YES;
				MTL_ENABLE_DEBUG_INFO = INCLUDE_SOURCE;
				MTL_FAST_MATH = YES;
				ONLY_ACTIVE_ARCH = YES;
				SDKROOT = iphoneos;
				SWIFT_ACTIVE_COMPILATION_CONDITIONS = "DEBUG $(inherited)";
				SWIFT_OPTIMIZATION_LEVEL = "-Onone";
			};
			name = Debug;
		};
		531BD0C92CBBF27D003FBF10 /* Release */ = {
			isa = XCBuildConfiguration;
			buildSettings = {
				ALWAYS_SEARCH_USER_PATHS = NO;
				ASSETCATALOG_COMPILER_GENERATE_SWIFT_ASSET_SYMBOL_EXTENSIONS = YES;
				CLANG_ANALYZER_NONNULL = YES;
				CLANG_ANALYZER_NUMBER_OBJECT_CONVERSION = YES_AGGRESSIVE;
				CLANG_CXX_LANGUAGE_STANDARD = "gnu++20";
				CLANG_ENABLE_MODULES = YES;
				CLANG_ENABLE_OBJC_ARC = YES;
				CLANG_ENABLE_OBJC_WEAK = YES;
				CLANG_WARN_BLOCK_CAPTURE_AUTORELEASING = YES;
				CLANG_WARN_BOOL_CONVERSION = YES;
				CLANG_WARN_COMMA = YES;
				CLANG_WARN_CONSTANT_CONVERSION = YES;
				CLANG_WARN_DEPRECATED_OBJC_IMPLEMENTATIONS = YES;
				CLANG_WARN_DIRECT_OBJC_ISA_USAGE = YES_ERROR;
				CLANG_WARN_DOCUMENTATION_COMMENTS = YES;
				CLANG_WARN_EMPTY_BODY = YES;
				CLANG_WARN_ENUM_CONVERSION = YES;
				CLANG_WARN_INFINITE_RECURSION = YES;
				CLANG_WARN_INT_CONVERSION = YES;
				CLANG_WARN_NON_LITERAL_NULL_CONVERSION = YES;
				CLANG_WARN_OBJC_IMPLICIT_RETAIN_SELF = YES;
				CLANG_WARN_OBJC_LITERAL_CONVERSION = YES;
				CLANG_WARN_OBJC_ROOT_CLASS = YES_ERROR;
				CLANG_WARN_QUOTED_INCLUDE_IN_FRAMEWORK_HEADER = YES;
				CLANG_WARN_RANGE_LOOP_ANALYSIS = YES;
				CLANG_WARN_STRICT_PROTOTYPES = YES;
				CLANG_WARN_SUSPICIOUS_MOVE = YES;
				CLANG_WARN_UNGUARDED_AVAILABILITY = YES_AGGRESSIVE;
				CLANG_WARN_UNREACHABLE_CODE = YES;
				CLANG_WARN__DUPLICATE_METHOD_MATCH = YES;
				COPY_PHASE_STRIP = NO;
				DEBUG_INFORMATION_FORMAT = "dwarf-with-dsym";
				ENABLE_NS_ASSERTIONS = NO;
				ENABLE_STRICT_OBJC_MSGSEND = YES;
				ENABLE_USER_SCRIPT_SANDBOXING = YES;
				GCC_C_LANGUAGE_STANDARD = gnu17;
				GCC_NO_COMMON_BLOCKS = YES;
				GCC_WARN_64_TO_32_BIT_CONVERSION = YES;
				GCC_WARN_ABOUT_RETURN_TYPE = YES_ERROR;
				GCC_WARN_UNDECLARED_SELECTOR = YES;
				GCC_WARN_UNINITIALIZED_AUTOS = YES_AGGRESSIVE;
				GCC_WARN_UNUSED_FUNCTION = YES;
				GCC_WARN_UNUSED_VARIABLE = YES;
				IPHONEOS_DEPLOYMENT_TARGET = 18.0;
				LOCALIZATION_PREFERS_STRING_CATALOGS = YES;
				MTL_ENABLE_DEBUG_INFO = NO;
				MTL_FAST_MATH = YES;
				SDKROOT = iphoneos;
				SWIFT_COMPILATION_MODE = wholemodule;
				VALIDATE_PRODUCT = YES;
			};
			name = Release;
		};
		531BD0CB2CBBF27D003FBF10 /* Debug */ = {
			isa = XCBuildConfiguration;
			buildSettings = {
				BUNDLE_LOADER = "$(TEST_HOST)";
				CODE_SIGN_STYLE = Automatic;
				CURRENT_PROJECT_VERSION = 1;
				DEVELOPMENT_TEAM = QJ59ZDVPCZ;
				GENERATE_INFOPLIST_FILE = YES;
				IPHONEOS_DEPLOYMENT_TARGET = 15.0;
				MARKETING_VERSION = 1.0;
				PRODUCT_BUNDLE_IDENTIFIER = com.sachingovind..wbeblockTests;
				PRODUCT_NAME = "$(TARGET_NAME)";
				SWIFT_EMIT_LOC_STRINGS = NO;
				SWIFT_VERSION = 5.0;
				TARGETED_DEVICE_FAMILY = "1,2";
				TEST_HOST = "$(BUILT_PRODUCTS_DIR)/wbeblock.app/$(BUNDLE_EXECUTABLE_FOLDER_PATH)/wbeblock";
			};
			name = Debug;
		};
		531BD0CC2CBBF27D003FBF10 /* Release */ = {
			isa = XCBuildConfiguration;
			buildSettings = {
				BUNDLE_LOADER = "$(TEST_HOST)";
				CODE_SIGN_STYLE = Automatic;
				CURRENT_PROJECT_VERSION = 1;
				DEVELOPMENT_TEAM = QJ59ZDVPCZ;
				GENERATE_INFOPLIST_FILE = YES;
				IPHONEOS_DEPLOYMENT_TARGET = 15.0;
				MARKETING_VERSION = 1.0;
				PRODUCT_BUNDLE_IDENTIFIER = com.sachingovind..wbeblockTests;
				PRODUCT_NAME = "$(TARGET_NAME)";
				SWIFT_EMIT_LOC_STRINGS = NO;
				SWIFT_VERSION = 5.0;
				TARGETED_DEVICE_FAMILY = "1,2";
				TEST_HOST = "$(BUILT_PRODUCTS_DIR)/wbeblock.app/$(BUNDLE_EXECUTABLE_FOLDER_PATH)/wbeblock";
			};
			name = Release;
		};
		531BD0CE2CBBF27D003FBF10 /* Debug */ = {
			isa = XCBuildConfiguration;
			buildSettings = {
				CODE_SIGN_STYLE = Automatic;
				CURRENT_PROJECT_VERSION = 1;
				DEVELOPMENT_TEAM = QJ59ZDVPCZ;
				GENERATE_INFOPLIST_FILE = YES;
				MARKETING_VERSION = 1.0;
				PRODUCT_BUNDLE_IDENTIFIER = com.sachingovind..wbeblockUITests;
				PRODUCT_NAME = "$(TARGET_NAME)";
				SWIFT_EMIT_LOC_STRINGS = NO;
				SWIFT_VERSION = 5.0;
				TARGETED_DEVICE_FAMILY = "1,2";
				TEST_TARGET_NAME = wbeblock;
			};
			name = Debug;
		};
		531BD0CF2CBBF27D003FBF10 /* Release */ = {
			isa = XCBuildConfiguration;
			buildSettings = {
				CODE_SIGN_STYLE = Automatic;
				CURRENT_PROJECT_VERSION = 1;
				DEVELOPMENT_TEAM = QJ59ZDVPCZ;
				GENERATE_INFOPLIST_FILE = YES;
				MARKETING_VERSION = 1.0;
				PRODUCT_BUNDLE_IDENTIFIER = com.sachingovind..wbeblockUITests;
				PRODUCT_NAME = "$(TARGET_NAME)";
				SWIFT_EMIT_LOC_STRINGS = NO;
				SWIFT_VERSION = 5.0;
				TARGETED_DEVICE_FAMILY = "1,2";
				TEST_TARGET_NAME = wbeblock;
			};
			name = Release;
		};
/* End XCBuildConfiguration section */

/* Begin XCConfigurationList section */
		531BD06D2CBBF279003FBF10 /* Build configuration list for PBXProject "wbeblock" */ = {
			isa = XCConfigurationList;
			buildConfigurations = (
				531BD0C82CBBF27D003FBF10 /* Debug */,
				531BD0C92CBBF27D003FBF10 /* Release */,
			);
			defaultConfigurationIsVisible = 0;
			defaultConfigurationName = Release;
		};
		531BD0C02CBBF27D003FBF10 /* Build configuration list for PBXNativeTarget "wbeblock Extension" */ = {
			isa = XCConfigurationList;
			buildConfigurations = (
				531BD0C12CBBF27D003FBF10 /* Debug */,
				531BD0C22CBBF27D003FBF10 /* Release */,
			);
			defaultConfigurationIsVisible = 0;
			defaultConfigurationName = Release;
		};
		531BD0C52CBBF27D003FBF10 /* Build configuration list for PBXNativeTarget "wbeblock" */ = {
			isa = XCConfigurationList;
			buildConfigurations = (
				531BD0C62CBBF27D003FBF10 /* Debug */,
				531BD0C72CBBF27D003FBF10 /* Release */,
			);
			defaultConfigurationIsVisible = 0;
			defaultConfigurationName = Release;
		};
		531BD0CA2CBBF27D003FBF10 /* Build configuration list for PBXNativeTarget "wbeblockTests" */ = {
			isa = XCConfigurationList;
			buildConfigurations = (
				531BD0CB2CBBF27D003FBF10 /* Debug */,
				531BD0CC2CBBF27D003FBF10 /* Release */,
			);
			defaultConfigurationIsVisible = 0;
			defaultConfigurationName = Release;
		};
		531BD0CD2CBBF27D003FBF10 /* Build configuration list for PBXNativeTarget "wbeblockUITests" */ = {
			isa = XCConfigurationList;
			buildConfigurations = (
				531BD0CE2CBBF27D003FBF10 /* Debug */,
				531BD0CF2CBBF27D003FBF10 /* Release */,
			);
			defaultConfigurationIsVisible = 0;
			defaultConfigurationName = Release;
		};
/* End XCConfigurationList section */
	};
	rootObject = 531BD06A2CBBF279003FBF10 /* Project object */;
}
